
Microsoft Visual Studio Solution File, Format Version 12.00
# Visual Studio 15
VisualStudioVersion = 15.0.26124.0
MinimumVisualStudioVersion = 15.0.26124.0
Project("{FAE04EC0-301F-11D3-BF4B-00C04F79EFBC}") = "Core.AOP", "Core.AOP\Core.AOP.csproj", "{B6C432D3-1DA6-42AE-BF28-09AE15D06E15}"
EndProject
Project("{2150E333-8FDC-42A3-9474-1A3956D46DE8}") = "build", "build", "{BC471799-A075-4207-AD7D-AC3C96719C78}"
	ProjectSection(SolutionItems) = preProject
		.releaserc.yml = .releaserc.yml
		azure-pipelines.yml = azure-pipelines.yml
	EndProjectSection
EndProject
Global
	GlobalSection(SolutionConfigurationPlatforms) = preSolution
		Debug|Any CPU = Debug|Any CPU
		Debug|x64 = Debug|x64
		Debug|x86 = Debug|x86
		Release|Any CPU = Release|Any CPU
		Release|x64 = Release|x64
		Release|x86 = Release|x86
	EndGlobalSection
	GlobalSection(ProjectConfigurationPlatforms) = postSolution
		{B6C432D3-1DA6-42AE-BF28-09AE15D06E15}.Debug|Any CPU.ActiveCfg = Debug|Any CPU
		{B6C432D3-1DA6-42AE-BF28-09AE15D06E15}.Debug|Any CPU.Build.0 = Debug|Any CPU
		{B6C432D3-1DA6-42AE-BF28-09AE15D06E15}.Debug|x64.ActiveCfg = Debug|Any CPU
		{B6C432D3-1DA6-42AE-BF28-09AE15D06E15}.Debug|x64.Build.0 = Debug|Any CPU
		{B6C432D3-1DA6-42AE-BF28-09AE15D06E15}.Debug|x86.ActiveCfg = Debug|Any CPU
		{B6C432D3-1DA6-42AE-BF28-09AE15D06E15}.Debug|x86.Build.0 = Debug|Any CPU
		{B6C432D3-1DA6-42AE-BF28-09AE15D06E15}.Release|Any CPU.ActiveCfg = Release|Any CPU
		{B6C432D3-1DA6-42AE-BF28-09AE15D06E15}.Release|Any CPU.Build.0 = Release|Any CPU
		{B6C432D3-1DA6-42AE-BF28-09AE15D06E15}.Release|x64.ActiveCfg = Release|Any CPU
		{B6C432D3-1DA6-42AE-BF28-09AE15D06E15}.Release|x64.Build.0 = Release|Any CPU
		{B6C432D3-1DA6-42AE-BF28-09AE15D06E15}.Release|x86.ActiveCfg = Release|Any CPU
		{B6C432D3-1DA6-42AE-BF28-09AE15D06E15}.Release|x86.Build.0 = Release|Any CPU
	EndGlobalSection
	GlobalSection(SolutionProperties) = preSolution
		HideSolutionNode = FALSE
	EndGlobalSection
	GlobalSection(ExtensibilityGlobals) = postSolution
		SolutionGuid = {E8DCE0C0-267B-4A95-870B-69859B507C51}
	EndGlobalSection
EndGlobal
